
Microsoft Visual Studio Solution File, Format Version 12.00
# Visual Studio Version 17
VisualStudioVersion = 17.9.34728.123
MinimumVisualStudioVersion = 10.0.40219.1
Project("{FAE04EC0-301F-11D3-BF4B-00C04F79EFBC}") = "5by5_OperacoesMatrizes", "5by5_OperacoesMatrizes\5by5_OperacoesMatrizes.csproj", "{41C7D869-3D82-4865-80F8-96BCC96CBF2E}"
EndProject
Global
	GlobalSection(SolutionConfigurationPlatforms) = preSolution
		Debug|Any CPU = Debug|Any CPU
		Release|Any CPU = Release|Any CPU
	EndGlobalSection
	GlobalSection(ProjectConfigurationPlatforms) = postSolution
		{41C7D869-3D82-4865-80F8-96BCC96CBF2E}.Debug|Any CPU.ActiveCfg = Debug|Any CPU
		{41C7D869-3D82-4865-80F8-96BCC96CBF2E}.Debug|Any CPU.Build.0 = Debug|Any CPU
		{41C7D869-3D82-4865-80F8-96BCC96CBF2E}.Release|Any CPU.ActiveCfg = Release|Any CPU
		{41C7D869-3D82-4865-80F8-96BCC96CBF2E}.Release|Any CPU.Build.0 = Release|Any CPU
	EndGlobalSection
	GlobalSection(SolutionProperties) = preSolution
		HideSolutionNode = FALSE
	EndGlobalSection
	GlobalSection(ExtensibilityGlobals) = postSolution
		SolutionGuid = {7A5A2F95-7101-40AA-A17C-840A2678388D}
	EndGlobalSection
EndGlobal
